
Microsoft Visual Studio Solution File, Format Version 12.00
# Visual Studio Version 17
VisualStudioVersion = 17.10.35122.118
MinimumVisualStudioVersion = 10.0.40219.1
Project("{FAE04EC0-301F-11D3-BF4B-00C04F79EFBC}") = "AICustomerServiceAPI", "AICustomerServiceAPI\AICustomerServiceAPI.csproj", "{95253380-26CB-4692-9DAC-0D111E12C6CE}"
EndProject
Project("{9A19103F-16F7-4668-BE54-9A1E7A4F7556}") = "OpenAiRepository", "..\OpenAiRepository\OpenAiRepository\OpenAiRepository.csproj", "{EA1382AB-D0C1-4C8F-A35E-8E09C8AC718D}"
EndProject
Global
	GlobalSection(SolutionConfigurationPlatforms) = preSolution
		Debug|Any CPU = Debug|Any CPU
		Release|Any CPU = Release|Any CPU
	EndGlobalSection
	GlobalSection(ProjectConfigurationPlatforms) = postSolution
		{95253380-26CB-4692-9DAC-0D111E12C6CE}.Debug|Any CPU.ActiveCfg = Debug|Any CPU
		{95253380-26CB-4692-9DAC-0D111E12C6CE}.Debug|Any CPU.Build.0 = Debug|Any CPU
		{95253380-26CB-4692-9DAC-0D111E12C6CE}.Release|Any CPU.ActiveCfg = Release|Any CPU
		{95253380-26CB-4692-9DAC-0D111E12C6CE}.Release|Any CPU.Build.0 = Release|Any CPU
		{EA1382AB-D0C1-4C8F-A35E-8E09C8AC718D}.Debug|Any CPU.ActiveCfg = Debug|Any CPU
		{EA1382AB-D0C1-4C8F-A35E-8E09C8AC718D}.Debug|Any CPU.Build.0 = Debug|Any CPU
		{EA1382AB-D0C1-4C8F-A35E-8E09C8AC718D}.Release|Any CPU.ActiveCfg = Release|Any CPU
		{EA1382AB-D0C1-4C8F-A35E-8E09C8AC718D}.Release|Any CPU.Build.0 = Release|Any CPU
	EndGlobalSection
	GlobalSection(SolutionProperties) = preSolution
		HideSolutionNode = FALSE
	EndGlobalSection
	GlobalSection(ExtensibilityGlobals) = postSolution
		SolutionGuid = {502C831F-ABC7-4088-AC12-A02FAE939133}
	EndGlobalSection
EndGlobal
